// !$*UTF8*$!
{
	archiveVersion = 1;
	classes = {
	};
	objectVersion = 46;
	objects = {

/* Begin PBXBuildFile section */
		DF242ED11D2DF87A00B8B7B1 /* TransactionViewController.swift in Sources */ = {isa = PBXBuildFile; fileRef = DF242ED01D2DF87A00B8B7B1 /* TransactionViewController.swift */; };
		DF242ED31D2DF90C00B8B7B1 /* TransactionCell.swift in Sources */ = {isa = PBXBuildFile; fileRef = DF242ED21D2DF90C00B8B7B1 /* TransactionCell.swift */; };
		DF242ED51D2E007F00B8B7B1 /* Transactions.swift in Sources */ = {isa = PBXBuildFile; fileRef = DF242ED41D2E007F00B8B7B1 /* Transactions.swift */; };
		DF242ED71D2F132D00B8B7B1 /* TranDetailViewController.swift in Sources */ = {isa = PBXBuildFile; fileRef = DF242ED61D2F132D00B8B7B1 /* TranDetailViewController.swift */; };
		DF242ED91D2F135700B8B7B1 /* TranDetailCell.swift in Sources */ = {isa = PBXBuildFile; fileRef = DF242ED81D2F135700B8B7B1 /* TranDetailCell.swift */; };
		DF6BA9BE1D243EDF001DF973 /* MerchantDepositViewController.swift in Sources */ = {isa = PBXBuildFile; fileRef = DF6BA9BD1D243EDF001DF973 /* MerchantDepositViewController.swift */; };
		DF6BA9C01D247588001DF973 /* TransactionClass.swift in Sources */ = {isa = PBXBuildFile; fileRef = DF6BA9BF1D247588001DF973 /* TransactionClass.swift */; };
		DF6BA9C21D2482AD001DF973 /* TerminalClass.swift in Sources */ = {isa = PBXBuildFile; fileRef = DF6BA9C11D2482AD001DF973 /* TerminalClass.swift */; };
		DF6BA9C41D248D95001DF973 /* CustomerClass.swift in Sources */ = {isa = PBXBuildFile; fileRef = DF6BA9C31D248D95001DF973 /* CustomerClass.swift */; };
		DF6BA9C61D2491F7001DF973 /* BatchClass.swift in Sources */ = {isa = PBXBuildFile; fileRef = DF6BA9C51D2491F7001DF973 /* BatchClass.swift */; };
		DF6BA9E81D26D04C001DF973 /* MerchantClass.swift in Sources */ = {isa = PBXBuildFile; fileRef = DF6BA9E71D26D04C001DF973 /* MerchantClass.swift */; };
		DF6BA9EA1D29E0EC001DF973 /* CustomerCell.swift in Sources */ = {isa = PBXBuildFile; fileRef = DF6BA9E91D29E0EC001DF973 /* CustomerCell.swift */; };
		DF6BA9EC1D29F81E001DF973 /* MerchantDepositCell.swift in Sources */ = {isa = PBXBuildFile; fileRef = DF6BA9EB1D29F81E001DF973 /* MerchantDepositCell.swift */; };
		DF6BA9EE1D2B637B001DF973 /* Customer.swift in Sources */ = {isa = PBXBuildFile; fileRef = DF6BA9ED1D2B637B001DF973 /* Customer.swift */; };
		DF6BA9F01D2CA553001DF973 /* BatchDepViewController.swift in Sources */ = {isa = PBXBuildFile; fileRef = DF6BA9EF1D2CA553001DF973 /* BatchDepViewController.swift */; };
		DF6BA9F21D2CA9AF001DF973 /* BatchDepCell.swift in Sources */ = {isa = PBXBuildFile; fileRef = DF6BA9F11D2CA9AF001DF973 /* BatchDepCell.swift */; };
		DFE5375E1D1DE0BD004E9C1B /* AppDelegate.swift in Sources */ = {isa = PBXBuildFile; fileRef = DFE5375D1D1DE0BD004E9C1B /* AppDelegate.swift */; };
		DFE537601D1DE0BD004E9C1B /* ViewController.swift in Sources */ = {isa = PBXBuildFile; fileRef = DFE5375F1D1DE0BD004E9C1B /* ViewController.swift */; };
		DFE537631D1DE0BD004E9C1B /* Main.storyboard in Resources */ = {isa = PBXBuildFile; fileRef = DFE537611D1DE0BD004E9C1B /* Main.storyboard */; };
		DFE537651D1DE0BD004E9C1B /* Assets.xcassets in Resources */ = {isa = PBXBuildFile; fileRef = DFE537641D1DE0BD004E9C1B /* Assets.xcassets */; };
		DFE537681D1DE0BD004E9C1B /* LaunchScreen.storyboard in Resources */ = {isa = PBXBuildFile; fileRef = DFE537661D1DE0BD004E9C1B /* LaunchScreen.storyboard */; };
		DFE537701D1E0436004E9C1B /* PlayersViewController.swift in Sources */ = {isa = PBXBuildFile; fileRef = DFE5376F1D1E0436004E9C1B /* PlayersViewController.swift */; };
		DFE537721D1E0629004E9C1B /* Player.swift in Sources */ = {isa = PBXBuildFile; fileRef = DFE537711D1E0629004E9C1B /* Player.swift */; };
		DFE537741D1E06F6004E9C1B /* SampleData.swift in Sources */ = {isa = PBXBuildFile; fileRef = DFE537731D1E06F6004E9C1B /* SampleData.swift */; };
		DFE537761D20896D004E9C1B /* PlayerCell.swift in Sources */ = {isa = PBXBuildFile; fileRef = DFE537751D20896D004E9C1B /* PlayerCell.swift */; };
		DFE537781D218F73004E9C1B /* PlayerDetailsViewController.swift in Sources */ = {isa = PBXBuildFile; fileRef = DFE537771D218F73004E9C1B /* PlayerDetailsViewController.swift */; };
		DFE5377A1D21A282004E9C1B /* GamePickerViewController.swift in Sources */ = {isa = PBXBuildFile; fileRef = DFE537791D21A282004E9C1B /* GamePickerViewController.swift */; };
/* End PBXBuildFile section */

/* Begin PBXFileReference section */
		DF242ED01D2DF87A00B8B7B1 /* TransactionViewController.swift */ = {isa = PBXFileReference; fileEncoding = 4; lastKnownFileType = sourcecode.swift; path = TransactionViewController.swift; sourceTree = "<group>"; };
		DF242ED21D2DF90C00B8B7B1 /* TransactionCell.swift */ = {isa = PBXFileReference; fileEncoding = 4; lastKnownFileType = sourcecode.swift; path = TransactionCell.swift; sourceTree = "<group>"; };
		DF242ED41D2E007F00B8B7B1 /* Transactions.swift */ = {isa = PBXFileReference; fileEncoding = 4; lastKnownFileType = sourcecode.swift; path = Transactions.swift; sourceTree = "<group>"; };
		DF242ED61D2F132D00B8B7B1 /* TranDetailViewController.swift */ = {isa = PBXFileReference; fileEncoding = 4; lastKnownFileType = sourcecode.swift; path = TranDetailViewController.swift; sourceTree = "<group>"; };
		DF242ED81D2F135700B8B7B1 /* TranDetailCell.swift */ = {isa = PBXFileReference; fileEncoding = 4; lastKnownFileType = sourcecode.swift; path = TranDetailCell.swift; sourceTree = "<group>"; };
		DF6BA9BD1D243EDF001DF973 /* MerchantDepositViewController.swift */ = {isa = PBXFileReference; fileEncoding = 4; lastKnownFileType = sourcecode.swift; path = MerchantDepositViewController.swift; sourceTree = "<group>"; };
		DF6BA9BF1D247588001DF973 /* TransactionClass.swift */ = {isa = PBXFileReference; fileEncoding = 4; lastKnownFileType = sourcecode.swift; path = TransactionClass.swift; sourceTree = "<group>"; };
		DF6BA9C11D2482AD001DF973 /* TerminalClass.swift */ = {isa = PBXFileReference; fileEncoding = 4; lastKnownFileType = sourcecode.swift; path = TerminalClass.swift; sourceTree = "<group>"; };
		DF6BA9C31D248D95001DF973 /* CustomerClass.swift */ = {isa = PBXFileReference; fileEncoding = 4; lastKnownFileType = sourcecode.swift; path = CustomerClass.swift; sourceTree = "<group>"; };
		DF6BA9C51D2491F7001DF973 /* BatchClass.swift */ = {isa = PBXFileReference; fileEncoding = 4; lastKnownFileType = sourcecode.swift; path = BatchClass.swift; sourceTree = "<group>"; };
		DF6BA9E71D26D04C001DF973 /* MerchantClass.swift */ = {isa = PBXFileReference; fileEncoding = 4; lastKnownFileType = sourcecode.swift; path = MerchantClass.swift; sourceTree = "<group>"; };
		DF6BA9E91D29E0EC001DF973 /* CustomerCell.swift */ = {isa = PBXFileReference; fileEncoding = 4; lastKnownFileType = sourcecode.swift; path = CustomerCell.swift; sourceTree = "<group>"; };
		DF6BA9EB1D29F81E001DF973 /* MerchantDepositCell.swift */ = {isa = PBXFileReference; fileEncoding = 4; lastKnownFileType = sourcecode.swift; path = MerchantDepositCell.swift; sourceTree = "<group>"; };
		DF6BA9ED1D2B637B001DF973 /* Customer.swift */ = {isa = PBXFileReference; fileEncoding = 4; lastKnownFileType = sourcecode.swift; path = Customer.swift; sourceTree = "<group>"; };
		DF6BA9EF1D2CA553001DF973 /* BatchDepViewController.swift */ = {isa = PBXFileReference; fileEncoding = 4; lastKnownFileType = sourcecode.swift; path = BatchDepViewController.swift; sourceTree = "<group>"; };
		DF6BA9F11D2CA9AF001DF973 /* BatchDepCell.swift */ = {isa = PBXFileReference; fileEncoding = 4; lastKnownFileType = sourcecode.swift; path = BatchDepCell.swift; sourceTree = "<group>"; };
		DFE5375A1D1DE0BD004E9C1B /* Ratings_2.app */ = {isa = PBXFileReference; explicitFileType = wrapper.application; includeInIndex = 0; path = Ratings_2.app; sourceTree = BUILT_PRODUCTS_DIR; };
		DFE5375D1D1DE0BD004E9C1B /* AppDelegate.swift */ = {isa = PBXFileReference; lastKnownFileType = sourcecode.swift; path = AppDelegate.swift; sourceTree = "<group>"; };
		DFE5375F1D1DE0BD004E9C1B /* ViewController.swift */ = {isa = PBXFileReference; lastKnownFileType = sourcecode.swift; path = ViewController.swift; sourceTree = "<group>"; };
		DFE537621D1DE0BD004E9C1B /* Base */ = {isa = PBXFileReference; lastKnownFileType = file.storyboard; name = Base; path = Base.lproj/Main.storyboard; sourceTree = "<group>"; };
		DFE537641D1DE0BD004E9C1B /* Assets.xcassets */ = {isa = PBXFileReference; lastKnownFileType = folder.assetcatalog; path = Assets.xcassets; sourceTree = "<group>"; };
		DFE537671D1DE0BD004E9C1B /* Base */ = {isa = PBXFileReference; lastKnownFileType = file.storyboard; name = Base; path = Base.lproj/LaunchScreen.storyboard; sourceTree = "<group>"; };
		DFE537691D1DE0BD004E9C1B /* Info.plist */ = {isa = PBXFileReference; lastKnownFileType = text.plist.xml; path = Info.plist; sourceTree = "<group>"; };
		DFE5376F1D1E0436004E9C1B /* PlayersViewController.swift */ = {isa = PBXFileReference; fileEncoding = 4; lastKnownFileType = sourcecode.swift; path = PlayersViewController.swift; sourceTree = "<group>"; };
		DFE537711D1E0629004E9C1B /* Player.swift */ = {isa = PBXFileReference; fileEncoding = 4; lastKnownFileType = sourcecode.swift; path = Player.swift; sourceTree = "<group>"; };
		DFE537731D1E06F6004E9C1B /* SampleData.swift */ = {isa = PBXFileReference; fileEncoding = 4; lastKnownFileType = sourcecode.swift; path = SampleData.swift; sourceTree = "<group>"; };
		DFE537751D20896D004E9C1B /* PlayerCell.swift */ = {isa = PBXFileReference; fileEncoding = 4; lastKnownFileType = sourcecode.swift; path = PlayerCell.swift; sourceTree = "<group>"; };
		DFE537771D218F73004E9C1B /* PlayerDetailsViewController.swift */ = {isa = PBXFileReference; fileEncoding = 4; lastKnownFileType = sourcecode.swift; path = PlayerDetailsViewController.swift; sourceTree = "<group>"; };
		DFE537791D21A282004E9C1B /* GamePickerViewController.swift */ = {isa = PBXFileReference; fileEncoding = 4; lastKnownFileType = sourcecode.swift; path = GamePickerViewController.swift; sourceTree = "<group>"; };
/* End PBXFileReference section */

/* Begin PBXFrameworksBuildPhase section */
		DFE537571D1DE0BD004E9C1B /* Frameworks */ = {
			isa = PBXFrameworksBuildPhase;
			buildActionMask = 2147483647;
			files = (
			);
			runOnlyForDeploymentPostprocessing = 0;
		};
/* End PBXFrameworksBuildPhase section */

/* Begin PBXGroup section */
		DFE537511D1DE0BD004E9C1B = {
			isa = PBXGroup;
			children = (
				DF242ED81D2F135700B8B7B1 /* TranDetailCell.swift */,
				DF242ED61D2F132D00B8B7B1 /* TranDetailViewController.swift */,
				DF242ED41D2E007F00B8B7B1 /* Transactions.swift */,
				DF242ED21D2DF90C00B8B7B1 /* TransactionCell.swift */,
				DF242ED01D2DF87A00B8B7B1 /* TransactionViewController.swift */,
				DF6BA9F11D2CA9AF001DF973 /* BatchDepCell.swift */,
				DF6BA9EF1D2CA553001DF973 /* BatchDepViewController.swift */,
				DF6BA9ED1D2B637B001DF973 /* Customer.swift */,
				DF6BA9EB1D29F81E001DF973 /* MerchantDepositCell.swift */,
				DF6BA9E91D29E0EC001DF973 /* CustomerCell.swift */,
				DF6BA9E71D26D04C001DF973 /* MerchantClass.swift */,
				DF6BA9C51D2491F7001DF973 /* BatchClass.swift */,
				DF6BA9C31D248D95001DF973 /* CustomerClass.swift */,
				DF6BA9C11D2482AD001DF973 /* TerminalClass.swift */,
				DF6BA9BD1D243EDF001DF973 /* MerchantDepositViewController.swift */,
				DF6BA9BF1D247588001DF973 /* TransactionClass.swift */,
				DFE537791D21A282004E9C1B /* GamePickerViewController.swift */,
				DFE537771D218F73004E9C1B /* PlayerDetailsViewController.swift */,
				DFE537751D20896D004E9C1B /* PlayerCell.swift */,
				DFE537731D1E06F6004E9C1B /* SampleData.swift */,
				DFE537711D1E0629004E9C1B /* Player.swift */,
				DFE5376F1D1E0436004E9C1B /* PlayersViewController.swift */,
				DFE5375C1D1DE0BD004E9C1B /* Ratings_2 */,
				DFE5375B1D1DE0BD004E9C1B /* Products */,
			);
			sourceTree = "<group>";
		};
		DFE5375B1D1DE0BD004E9C1B /* Products */ = {
			isa = PBXGroup;
			children = (
				DFE5375A1D1DE0BD004E9C1B /* Ratings_2.app */,
			);
			name = Products;
			sourceTree = "<group>";
		};
		DFE5375C1D1DE0BD004E9C1B /* Ratings_2 */ = {
			isa = PBXGroup;
			children = (
				DFE5375D1D1DE0BD004E9C1B /* AppDelegate.swift */,
				DFE5375F1D1DE0BD004E9C1B /* ViewController.swift */,
				DFE537611D1DE0BD004E9C1B /* Main.storyboard */,
				DFE537641D1DE0BD004E9C1B /* Assets.xcassets */,
				DFE537661D1DE0BD004E9C1B /* LaunchScreen.storyboard */,
				DFE537691D1DE0BD004E9C1B /* Info.plist */,
			);
			path = Ratings_2;
			sourceTree = "<group>";
		};
/* End PBXGroup section */

/* Begin PBXNativeTarget section */
		DFE537591D1DE0BD004E9C1B /* Ratings_2 */ = {
			isa = PBXNativeTarget;
			buildConfigurationList = DFE5376C1D1DE0BD004E9C1B /* Build configuration list for PBXNativeTarget "Ratings_2" */;
			buildPhases = (
				DFE537561D1DE0BD004E9C1B /* Sources */,
				DFE537571D1DE0BD004E9C1B /* Frameworks */,
				DFE537581D1DE0BD004E9C1B /* Resources */,
			);
			buildRules = (
			);
			dependencies = (
			);
			name = Ratings_2;
			productName = Ratings_2;
			productReference = DFE5375A1D1DE0BD004E9C1B /* Ratings_2.app */;
			productType = "com.apple.product-type.application";
		};
/* End PBXNativeTarget section */

/* Begin PBXProject section */
		DFE537521D1DE0BD004E9C1B /* Project object */ = {
			isa = PBXProject;
			attributes = {
				LastSwiftUpdateCheck = 0730;
				LastUpgradeCheck = 0730;
				ORGANIZATIONNAME = "William Dalton";
				TargetAttributes = {
					DFE537591D1DE0BD004E9C1B = {
						CreatedOnToolsVersion = 7.3.1;
						DevelopmentTeam = 6M7FLJ7S5K;
					};
				};
			};
			buildConfigurationList = DFE537551D1DE0BD004E9C1B /* Build configuration list for PBXProject "Ratings_2" */;
			compatibilityVersion = "Xcode 3.2";
			developmentRegion = English;
			hasScannedForEncodings = 0;
			knownRegions = (
				en,
				Base,
			);
			mainGroup = DFE537511D1DE0BD004E9C1B;
			productRefGroup = DFE5375B1D1DE0BD004E9C1B /* Products */;
			projectDirPath = "";
			projectRoot = "";
			targets = (
				DFE537591D1DE0BD004E9C1B /* Ratings_2 */,
			);
		};
/* End PBXProject section */

/* Begin PBXResourcesBuildPhase section */
		DFE537581D1DE0BD004E9C1B /* Resources */ = {
			isa = PBXResourcesBuildPhase;
			buildActionMask = 2147483647;
			files = (
				DFE537681D1DE0BD004E9C1B /* LaunchScreen.storyboard in Resources */,
				DFE537651D1DE0BD004E9C1B /* Assets.xcassets in Resources */,
				DFE537631D1DE0BD004E9C1B /* Main.storyboard in Resources */,
			);
			runOnlyForDeploymentPostprocessing = 0;
		};
/* End PBXResourcesBuildPhase section */

/* Begin PBXSourcesBuildPhase section */
		DFE537561D1DE0BD004E9C1B /* Sources */ = {
			isa = PBXSourcesBuildPhase;
			buildActionMask = 2147483647;
			files = (
				DF6BA9BE1D243EDF001DF973 /* MerchantDepositViewController.swift in Sources */,
				DF6BA9C61D2491F7001DF973 /* BatchClass.swift in Sources */,
				DFE5377A1D21A282004E9C1B /* GamePickerViewController.swift in Sources */,
				DFE537761D20896D004E9C1B /* PlayerCell.swift in Sources */,
				DF6BA9EA1D29E0EC001DF973 /* CustomerCell.swift in Sources */,
				DF6BA9C01D247588001DF973 /* TransactionClass.swift in Sources */,
				DFE537721D1E0629004E9C1B /* Player.swift in Sources */,
				DF242ED91D2F135700B8B7B1 /* TranDetailCell.swift in Sources */,
				DF242ED71D2F132D00B8B7B1 /* TranDetailViewController.swift in Sources */,
				DFE537601D1DE0BD004E9C1B /* ViewController.swift in Sources */,
				DFE537781D218F73004E9C1B /* PlayerDetailsViewController.swift in Sources */,
				DF6BA9C21D2482AD001DF973 /* TerminalClass.swift in Sources */,
				DFE5375E1D1DE0BD004E9C1B /* AppDelegate.swift in Sources */,
				DF6BA9F01D2CA553001DF973 /* BatchDepViewController.swift in Sources */,
				DF6BA9EE1D2B637B001DF973 /* Customer.swift in Sources */,
				DFE537741D1E06F6004E9C1B /* SampleData.swift in Sources */,
				DF242ED31D2DF90C00B8B7B1 /* TransactionCell.swift in Sources */,
				DF6BA9C41D248D95001DF973 /* CustomerClass.swift in Sources */,
				DF242ED51D2E007F00B8B7B1 /* Transactions.swift in Sources */,
				DF242ED11D2DF87A00B8B7B1 /* TransactionViewController.swift in Sources */,
				DF6BA9E81D26D04C001DF973 /* MerchantClass.swift in Sources */,
				DF6BA9EC1D29F81E001DF973 /* MerchantDepositCell.swift in Sources */,
				DF6BA9F21D2CA9AF001DF973 /* BatchDepCell.swift in Sources */,
				DFE537701D1E0436004E9C1B /* PlayersViewController.swift in Sources */,
			);
			runOnlyForDeploymentPostprocessing = 0;
		};
/* End PBXSourcesBuildPhase section */

/* Begin PBXVariantGroup section */
		DFE537611D1DE0BD004E9C1B /* Main.storyboard */ = {
			isa = PBXVariantGroup;
			children = (
				DFE537621D1DE0BD004E9C1B /* Base */,
			);
			name = Main.storyboard;
			sourceTree = "<group>";
		};
		DFE537661D1DE0BD004E9C1B /* LaunchScreen.storyboard */ = {
			isa = PBXVariantGroup;
			children = (
				DFE537671D1DE0BD004E9C1B /* Base */,
			);
			name = LaunchScreen.storyboard;
			sourceTree = "<group>";
		};
/* End PBXVariantGroup section */

/* Begin XCBuildConfiguration section */
		DFE5376A1D1DE0BD004E9C1B /* Debug */ = {
			isa = XCBuildConfiguration;
			buildSettings = {
				ALWAYS_SEARCH_USER_PATHS = NO;
				CLANG_ANALYZER_NONNULL = YES;
				CLANG_CXX_LANGUAGE_STANDARD = "gnu++0x";
				CLANG_CXX_LIBRARY = "libc++";
				CLANG_ENABLE_MODULES = YES;
				CLANG_ENABLE_OBJC_ARC = YES;
				CLANG_WARN_BOOL_CONVERSION = YES;
				CLANG_WARN_CONSTANT_CONVERSION = YES;
				CLANG_WARN_DIRECT_OBJC_ISA_USAGE = YES_ERROR;
				CLANG_WARN_EMPTY_BODY = YES;
				CLANG_WARN_ENUM_CONVERSION = YES;
				CLANG_WARN_INT_CONVERSION = YES;
				CLANG_WARN_OBJC_ROOT_CLASS = YES_ERROR;
				CLANG_WARN_UNREACHABLE_CODE = YES;
				CLANG_WARN__DUPLICATE_METHOD_MATCH = YES;
				"CODE_SIGN_IDENTITY[sdk=iphoneos*]" = "iPhone Developer";
				COPY_PHASE_STRIP = NO;
				DEBUG_INFORMATION_FORMAT = dwarf;
				ENABLE_STRICT_OBJC_MSGSEND = YES;
				ENABLE_TESTABILITY = YES;
				GCC_C_LANGUAGE_STANDARD = gnu99;
				GCC_DYNAMIC_NO_PIC = NO;
				GCC_NO_COMMON_BLOCKS = YES;
				GCC_OPTIMIZATION_LEVEL = 0;
				GCC_PREPROCESSOR_DEFINITIONS = (
					"DEBUG=1",
					"$(inherited)",
				);
				GCC_WARN_64_TO_32_BIT_CONVERSION = YES;
				GCC_WARN_ABOUT_RETURN_TYPE = YES_ERROR;
				GCC_WARN_UNDECLARED_SELECTOR = YES;
				GCC_WARN_UNINITIALIZED_AUTOS = YES_AGGRESSIVE;
				GCC_WARN_UNUSED_FUNCTION = YES;
				GCC_WARN_UNUSED_VARIABLE = YES;
				IPHONEOS_DEPLOYMENT_TARGET = 9.3;
				MTL_ENABLE_DEBUG_INFO = YES;
				ONLY_ACTIVE_ARCH = YES;
				SDKROOT = iphoneos;
				SWIFT_OPTIMIZATION_LEVEL = "-Onone";
			};
			name = Debug;
		};
		DFE5376B1D1DE0BD004E9C1B /* Release */ = {
			isa = XCBuildConfiguration;
			buildSettings = {
				ALWAYS_SEARCH_USER_PATHS = NO;
				CLANG_ANALYZER_NONNULL = YES;
				CLANG_CXX_LANGUAGE_STANDARD = "gnu++0x";
				CLANG_CXX_LIBRARY = "libc++";
				CLANG_ENABLE_MODULES = YES;
				CLANG_ENABLE_OBJC_ARC = YES;
				CLANG_WARN_BOOL_CONVERSION = YES;
				CLANG_WARN_CONSTANT_CONVERSION = YES;
				CLANG_WARN_DIRECT_OBJC_ISA_USAGE = YES_ERROR;
				CLANG_WARN_EMPTY_BODY = YES;
				CLANG_WARN_ENUM_CONVERSION = YES;
				CLANG_WARN_INT_CONVERSION = YES;
				CLANG_WARN_OBJC_ROOT_CLASS = YES_ERROR;
				CLANG_WARN_UNREACHABLE_CODE = YES;
				CLANG_WARN__DUPLICATE_METHOD_MATCH = YES;
				"CODE_SIGN_IDENTITY[sdk=iphoneos*]" = "iPhone Developer";
				COPY_PHASE_STRIP = NO;
				DEBUG_INFORMATION_FORMAT = "dwarf-with-dsym";
				ENABLE_NS_ASSERTIONS = NO;
				ENABLE_STRICT_OBJC_MSGSEND = YES;
				GCC_C_LANGUAGE_STANDARD = gnu99;
				GCC_NO_COMMON_BLOCKS = YES;
				GCC_WARN_64_TO_32_BIT_CONVERSION = YES;
				GCC_WARN_ABOUT_RETURN_TYPE = YES_ERROR;
				GCC_WARN_UNDECLARED_SELECTOR = YES;
				GCC_WARN_UNINITIALIZED_AUTOS = YES_AGGRESSIVE;
				GCC_WARN_UNUSED_FUNCTION = YES;
				GCC_WARN_UNUSED_VARIABLE = YES;
				IPHONEOS_DEPLOYMENT_TARGET = 9.3;
				MTL_ENABLE_DEBUG_INFO = NO;
				SDKROOT = iphoneos;
				VALIDATE_PRODUCT = YES;
			};
			name = Release;
		};
		DFE5376D1D1DE0BD004E9C1B /* Debug */ = {
			isa = XCBuildConfiguration;
			buildSettings = {
				ASSETCATALOG_COMPILER_APPICON_NAME = AppIcon;
				CODE_SIGN_IDENTITY = "iPhone Developer";
				"CODE_SIGN_IDENTITY[sdk=iphoneos*]" = "iPhone Developer";
				INFOPLIST_FILE = Ratings_2/Info.plist;
				LD_RUNPATH_SEARCH_PATHS = "$(inherited) @executable_path/Frameworks";
				PRODUCT_BUNDLE_IDENTIFIER = "com.ga.mobile.Ratings-2";
				PRODUCT_NAME = "$(TARGET_NAME)";
				PROVISIONING_PROFILE = "";
			};
			name = Debug;
		};
		DFE5376E1D1DE0BD004E9C1B /* Release */ = {
			isa = XCBuildConfiguration;
			buildSettings = {
				ASSETCATALOG_COMPILER_APPICON_NAME = AppIcon;
				CODE_SIGN_IDENTITY = "iPhone Developer";
				"CODE_SIGN_IDENTITY[sdk=iphoneos*]" = "iPhone Developer";
				INFOPLIST_FILE = Ratings_2/Info.plist;
				LD_RUNPATH_SEARCH_PATHS = "$(inherited) @executable_path/Frameworks";
				PRODUCT_BUNDLE_IDENTIFIER = "com.ga.mobile.Ratings-2";
				PRODUCT_NAME = "$(TARGET_NAME)";
				PROVISIONING_PROFILE = "";
			};
			name = Release;
		};
/* End XCBuildConfiguration section */

/* Begin XCConfigurationList section */
		DFE537551D1DE0BD004E9C1B /* Build configuration list for PBXProject "Ratings_2" */ = {
			isa = XCConfigurationList;
			buildConfigurations = (
				DFE5376A1D1DE0BD004E9C1B /* Debug */,
				DFE5376B1D1DE0BD004E9C1B /* Release */,
			);
			defaultConfigurationIsVisible = 0;
			defaultConfigurationName = Release;
		};
		DFE5376C1D1DE0BD004E9C1B /* Build configuration list for PBXNativeTarget "Ratings_2" */ = {
			isa = XCConfigurationList;
			buildConfigurations = (
				DFE5376D1D1DE0BD004E9C1B /* Debug */,
				DFE5376E1D1DE0BD004E9C1B /* Release */,
			);
			defaultConfigurationIsVisible = 0;
			defaultConfigurationName = Release;
		};
/* End XCConfigurationList section */
	};
	rootObject = DFE537521D1DE0BD004E9C1B /* Project object */;
}
